
Microsoft Visual Studio Solution File, Format Version 12.00
# Visual Studio Version 17
VisualStudioVersion = 17.13.35931.197
MinimumVisualStudioVersion = 10.0.40219.1
Project("{2150E333-8FDC-42A3-9474-1A3956D46DE8}") = "Presentation", "Presentation", "{02EA681E-C7D8-13C7-8484-4AC65E1B71E8}"
EndProject
Project("{2150E333-8FDC-42A3-9474-1A3956D46DE8}") = "Core", "Core", "{35F037E2-482F-4F3E-94A8-7DEC2C990C8B}"
EndProject
Project("{2150E333-8FDC-42A3-9474-1A3956D46DE8}") = "Infrastructure", "Infrastructure", "{A481CA69-D22D-4E24-A3EF-72EF3E85113A}"
EndProject
Project("{FAE04EC0-301F-11D3-BF4B-00C04F79EFBC}") = "Usuarios.Domain", "Usuarios.Domain\Usuarios.Domain.csproj", "{0EC82F4D-9173-45B1-9E36-4A938CD065DA}"
EndProject
Project("{FAE04EC0-301F-11D3-BF4B-00C04F79EFBC}") = "Usuarios.Application", "Usuarios.Application\Usuarios.Application.csproj", "{F34FC563-0BED-4A61-8DEF-6F2EB68155D3}"
EndProject
Project("{FAE04EC0-301F-11D3-BF4B-00C04F79EFBC}") = "Usuarios.Persistence", "Usuarios.Persistence\Usuarios.Persistence.csproj", "{F70CBD98-280C-4010-9EAB-9C692AEC0C01}"
EndProject
Project("{FAE04EC0-301F-11D3-BF4B-00C04F79EFBC}") = "Usuarios.API", "Usuarios.API\Usuarios.API.csproj", "{C5A7B3E1-697F-46F5-8AE4-95943BFCF193}"
EndProject
Global
	GlobalSection(SolutionConfigurationPlatforms) = preSolution
		Debug|Any CPU = Debug|Any CPU
		Release|Any CPU = Release|Any CPU
	EndGlobalSection
	GlobalSection(ProjectConfigurationPlatforms) = postSolution
		{0EC82F4D-9173-45B1-9E36-4A938CD065DA}.Debug|Any CPU.ActiveCfg = Debug|Any CPU
		{0EC82F4D-9173-45B1-9E36-4A938CD065DA}.Debug|Any CPU.Build.0 = Debug|Any CPU
		{0EC82F4D-9173-45B1-9E36-4A938CD065DA}.Release|Any CPU.ActiveCfg = Release|Any CPU
		{0EC82F4D-9173-45B1-9E36-4A938CD065DA}.Release|Any CPU.Build.0 = Release|Any CPU
		{F34FC563-0BED-4A61-8DEF-6F2EB68155D3}.Debug|Any CPU.ActiveCfg = Debug|Any CPU
		{F34FC563-0BED-4A61-8DEF-6F2EB68155D3}.Debug|Any CPU.Build.0 = Debug|Any CPU
		{F34FC563-0BED-4A61-8DEF-6F2EB68155D3}.Release|Any CPU.ActiveCfg = Release|Any CPU
		{F34FC563-0BED-4A61-8DEF-6F2EB68155D3}.Release|Any CPU.Build.0 = Release|Any CPU
		{F70CBD98-280C-4010-9EAB-9C692AEC0C01}.Debug|Any CPU.ActiveCfg = Debug|Any CPU
		{F70CBD98-280C-4010-9EAB-9C692AEC0C01}.Debug|Any CPU.Build.0 = Debug|Any CPU
		{F70CBD98-280C-4010-9EAB-9C692AEC0C01}.Release|Any CPU.ActiveCfg = Release|Any CPU
		{F70CBD98-280C-4010-9EAB-9C692AEC0C01}.Release|Any CPU.Build.0 = Release|Any CPU
		{C5A7B3E1-697F-46F5-8AE4-95943BFCF193}.Debug|Any CPU.ActiveCfg = Debug|Any CPU
		{C5A7B3E1-697F-46F5-8AE4-95943BFCF193}.Debug|Any CPU.Build.0 = Debug|Any CPU
		{C5A7B3E1-697F-46F5-8AE4-95943BFCF193}.Release|Any CPU.ActiveCfg = Release|Any CPU
		{C5A7B3E1-697F-46F5-8AE4-95943BFCF193}.Release|Any CPU.Build.0 = Release|Any CPU
	EndGlobalSection
	GlobalSection(SolutionProperties) = preSolution
		HideSolutionNode = FALSE
	EndGlobalSection
	GlobalSection(NestedProjects) = preSolution
		{0EC82F4D-9173-45B1-9E36-4A938CD065DA} = {35F037E2-482F-4F3E-94A8-7DEC2C990C8B}
		{F34FC563-0BED-4A61-8DEF-6F2EB68155D3} = {35F037E2-482F-4F3E-94A8-7DEC2C990C8B}
		{F70CBD98-280C-4010-9EAB-9C692AEC0C01} = {A481CA69-D22D-4E24-A3EF-72EF3E85113A}
		{C5A7B3E1-697F-46F5-8AE4-95943BFCF193} = {02EA681E-C7D8-13C7-8484-4AC65E1B71E8}
	EndGlobalSection
	GlobalSection(ExtensibilityGlobals) = postSolution
		SolutionGuid = {9708B0BA-EF26-48FE-BFEE-C5D0987ACCF0}
	EndGlobalSection
EndGlobal
